
Microsoft Visual Studio Solution File, Format Version 12.00
# Visual Studio Version 17
VisualStudioVersion = 17.2.32526.322
MinimumVisualStudioVersion = 10.0.40219.1
Project("{9A19103F-16F7-4668-BE54-9A1E7A4F7556}") = "AdventOfCode.Runner", "AdventOfCode.Runner\AdventOfCode.Runner.csproj", "{97300593-FE5E-457E-95A0-1DD684C128FA}"
EndProject
Project("{9A19103F-16F7-4668-BE54-9A1E7A4F7556}") = "AdventOfCode.Core", "AdventOfCode.Core\AdventOfCode.Core.csproj", "{220FD263-7F08-4C9E-8559-709242CAF50F}"
EndProject
Project("{9A19103F-16F7-4668-BE54-9A1E7A4F7556}") = "AdventOfCode.Test", "AdventOfCode.Test\AdventOfCode.Test.csproj", "{CD2C527D-EB9F-4A67-8AFA-05CDC98532DA}"
EndProject
Project("{9A19103F-16F7-4668-BE54-9A1E7A4F7556}") = "AdventOfCode.Animation", "AdventOfCode.Animation\AdventOfCode.Animation.csproj", "{2692F46A-8D12-41EB-9990-73C3E2E37634}"
EndProject
Project("{9A19103F-16F7-4668-BE54-9A1E7A4F7556}") = "AdventOfCode.Puzzles.2024", "AdventOfCode.Puzzles.2024\AdventOfCode.Puzzles.2024.csproj", "{7CA88697-B5A1-4083-AF21-41AA6248915B}"
EndProject
Project("{9A19103F-16F7-4668-BE54-9A1E7A4F7556}") = "AdventOfCode.Puzzles.2023", "AdventOfCode.Puzzles.2023\AdventOfCode.Puzzles.2023.csproj", "{113FAEF2-7D7C-41AF-B2ED-D9C5C8510322}"
EndProject
Project("{9A19103F-16F7-4668-BE54-9A1E7A4F7556}") = "AdventOfCode.Puzzles.2022", "AdventOfCode.Puzzles.2022\AdventOfCode.Puzzles.2022.csproj", "{377CB5A4-F871-4B77-8FC8-6398C7A23BBA}"
EndProject
Project("{9A19103F-16F7-4668-BE54-9A1E7A4F7556}") = "AdventOfCode.Puzzles.2021", "AdventOfCode.Puzzles.2021\AdventOfCode.Puzzles.2021.csproj", "{C379AE59-8B94-46C7-8BDF-D60013829AC6}"
EndProject
Project("{9A19103F-16F7-4668-BE54-9A1E7A4F7556}") = "AdventOfCode.Puzzles.2020", "AdventOfCode.Puzzles.2020\AdventOfCode.Puzzles.2020.csproj", "{5CA2BFD7-7E9C-49D3-BC97-D8D5380508D3}"
EndProject
Project("{9A19103F-16F7-4668-BE54-9A1E7A4F7556}") = "AdventOfCode.Puzzles.2019", "AdventOfCode.Puzzles.2019\AdventOfCode.Puzzles.2019.csproj", "{6362DD8A-7DA9-4780-90D7-24B44C7F7707}"
EndProject
Project("{9A19103F-16F7-4668-BE54-9A1E7A4F7556}") = "AdventOfCode.Puzzles.2018", "AdventOfCode.Puzzles.2018\AdventOfCode.Puzzles.2018.csproj", "{841659B5-B7C9-4433-862E-DAAFD032245B}"
EndProject
Project("{9A19103F-16F7-4668-BE54-9A1E7A4F7556}") = "AdventOfCode.Puzzles.2017", "AdventOfCode.Puzzles.2017\AdventOfCode.Puzzles.2017.csproj", "{17033B68-926D-430B-B2AA-B7D5AC579EF4}"
EndProject
Project("{9A19103F-16F7-4668-BE54-9A1E7A4F7556}") = "AdventOfCode.Puzzles.2016", "AdventOfCode.Puzzles.2016\AdventOfCode.Puzzles.2016.csproj", "{67F52D4A-2397-4567-9F92-1F324CA2040A}"
EndProject
Project("{9A19103F-16F7-4668-BE54-9A1E7A4F7556}") = "AdventOfCode.Puzzles.2015", "AdventOfCode.Puzzles.2015\AdventOfCode.Puzzles.2015.csproj", "{70E1DB21-C8F4-48EC-BFF4-3774F94ECBD4}"
EndProject
Project("{9A19103F-16F7-4668-BE54-9A1E7A4F7556}") = "AdventOfCode.Puzzles.2025", "AdventOfCode.Puzzles.2025\AdventOfCode.Puzzles.2025.csproj", "{87BA552D-B78D-4FB5-8FEC-E6F73472C1C5}"
EndProject
Project("{2150E333-8FDC-42A3-9474-1A3956D46DE8}") = "Solution Items", "Solution Items", "{C04FB0C5-E448-4247-A266-15BAF0A883B9}"
	ProjectSection(SolutionItems) = preProject
		.editorconfig = .editorconfig
	EndProjectSection
EndProject
Global
	GlobalSection(SolutionConfigurationPlatforms) = preSolution
		Debug|Any CPU = Debug|Any CPU
		Debug|x64 = Debug|x64
		Release|Any CPU = Release|Any CPU
		Release|x64 = Release|x64
	EndGlobalSection
	GlobalSection(ProjectConfigurationPlatforms) = postSolution
		{97300593-FE5E-457E-95A0-1DD684C128FA}.Debug|Any CPU.ActiveCfg = Debug|Any CPU
		{97300593-FE5E-457E-95A0-1DD684C128FA}.Debug|Any CPU.Build.0 = Debug|Any CPU
		{97300593-FE5E-457E-95A0-1DD684C128FA}.Debug|x64.ActiveCfg = Debug|x64
		{97300593-FE5E-457E-95A0-1DD684C128FA}.Debug|x64.Build.0 = Debug|x64
		{97300593-FE5E-457E-95A0-1DD684C128FA}.Release|Any CPU.ActiveCfg = Release|Any CPU
		{97300593-FE5E-457E-95A0-1DD684C128FA}.Release|Any CPU.Build.0 = Release|Any CPU
		{97300593-FE5E-457E-95A0-1DD684C128FA}.Release|x64.ActiveCfg = Release|x64
		{97300593-FE5E-457E-95A0-1DD684C128FA}.Release|x64.Build.0 = Release|x64
		{220FD263-7F08-4C9E-8559-709242CAF50F}.Debug|Any CPU.ActiveCfg = Debug|Any CPU
		{220FD263-7F08-4C9E-8559-709242CAF50F}.Debug|Any CPU.Build.0 = Debug|Any CPU
		{220FD263-7F08-4C9E-8559-709242CAF50F}.Debug|x64.ActiveCfg = Debug|x64
		{220FD263-7F08-4C9E-8559-709242CAF50F}.Debug|x64.Build.0 = Debug|x64
		{220FD263-7F08-4C9E-8559-709242CAF50F}.Release|Any CPU.ActiveCfg = Release|Any CPU
		{220FD263-7F08-4C9E-8559-709242CAF50F}.Release|Any CPU.Build.0 = Release|Any CPU
		{220FD263-7F08-4C9E-8559-709242CAF50F}.Release|x64.ActiveCfg = Release|x64
		{220FD263-7F08-4C9E-8559-709242CAF50F}.Release|x64.Build.0 = Release|x64
		{CD2C527D-EB9F-4A67-8AFA-05CDC98532DA}.Debug|Any CPU.ActiveCfg = Debug|Any CPU
		{CD2C527D-EB9F-4A67-8AFA-05CDC98532DA}.Debug|Any CPU.Build.0 = Debug|Any CPU
		{CD2C527D-EB9F-4A67-8AFA-05CDC98532DA}.Debug|x64.ActiveCfg = Debug|x64
		{CD2C527D-EB9F-4A67-8AFA-05CDC98532DA}.Debug|x64.Build.0 = Debug|x64
		{CD2C527D-EB9F-4A67-8AFA-05CDC98532DA}.Release|Any CPU.ActiveCfg = Release|Any CPU
		{CD2C527D-EB9F-4A67-8AFA-05CDC98532DA}.Release|Any CPU.Build.0 = Release|Any CPU
		{CD2C527D-EB9F-4A67-8AFA-05CDC98532DA}.Release|x64.ActiveCfg = Release|x64
		{CD2C527D-EB9F-4A67-8AFA-05CDC98532DA}.Release|x64.Build.0 = Release|x64
		{2692F46A-8D12-41EB-9990-73C3E2E37634}.Debug|Any CPU.ActiveCfg = Debug|Any CPU
		{2692F46A-8D12-41EB-9990-73C3E2E37634}.Debug|Any CPU.Build.0 = Debug|Any CPU
		{2692F46A-8D12-41EB-9990-73C3E2E37634}.Debug|x64.ActiveCfg = Debug|x64
		{2692F46A-8D12-41EB-9990-73C3E2E37634}.Debug|x64.Build.0 = Debug|x64
		{2692F46A-8D12-41EB-9990-73C3E2E37634}.Release|Any CPU.ActiveCfg = Release|Any CPU
		{2692F46A-8D12-41EB-9990-73C3E2E37634}.Release|Any CPU.Build.0 = Release|Any CPU
		{2692F46A-8D12-41EB-9990-73C3E2E37634}.Release|x64.ActiveCfg = Release|x64
		{2692F46A-8D12-41EB-9990-73C3E2E37634}.Release|x64.Build.0 = Release|x64
		{7CA88697-B5A1-4083-AF21-41AA6248915B}.Debug|Any CPU.ActiveCfg = Debug|Any CPU
		{7CA88697-B5A1-4083-AF21-41AA6248915B}.Debug|Any CPU.Build.0 = Debug|Any CPU
		{7CA88697-B5A1-4083-AF21-41AA6248915B}.Debug|x64.ActiveCfg = Debug|x64
		{7CA88697-B5A1-4083-AF21-41AA6248915B}.Debug|x64.Build.0 = Debug|x64
		{7CA88697-B5A1-4083-AF21-41AA6248915B}.Release|Any CPU.ActiveCfg = Release|Any CPU
		{7CA88697-B5A1-4083-AF21-41AA6248915B}.Release|Any CPU.Build.0 = Release|Any CPU
		{7CA88697-B5A1-4083-AF21-41AA6248915B}.Release|x64.ActiveCfg = Release|x64
		{7CA88697-B5A1-4083-AF21-41AA6248915B}.Release|x64.Build.0 = Release|x64
		{113FAEF2-7D7C-41AF-B2ED-D9C5C8510322}.Debug|Any CPU.ActiveCfg = Debug|Any CPU
		{113FAEF2-7D7C-41AF-B2ED-D9C5C8510322}.Debug|Any CPU.Build.0 = Debug|Any CPU
		{113FAEF2-7D7C-41AF-B2ED-D9C5C8510322}.Debug|x64.ActiveCfg = Debug|x64
		{113FAEF2-7D7C-41AF-B2ED-D9C5C8510322}.Debug|x64.Build.0 = Debug|x64
		{113FAEF2-7D7C-41AF-B2ED-D9C5C8510322}.Release|Any CPU.ActiveCfg = Release|Any CPU
		{113FAEF2-7D7C-41AF-B2ED-D9C5C8510322}.Release|Any CPU.Build.0 = Release|Any CPU
		{113FAEF2-7D7C-41AF-B2ED-D9C5C8510322}.Release|x64.ActiveCfg = Release|x64
		{113FAEF2-7D7C-41AF-B2ED-D9C5C8510322}.Release|x64.Build.0 = Release|x64
		{377CB5A4-F871-4B77-8FC8-6398C7A23BBA}.Debug|Any CPU.ActiveCfg = Debug|Any CPU
		{377CB5A4-F871-4B77-8FC8-6398C7A23BBA}.Debug|Any CPU.Build.0 = Debug|Any CPU
		{377CB5A4-F871-4B77-8FC8-6398C7A23BBA}.Debug|x64.ActiveCfg = Debug|x64
		{377CB5A4-F871-4B77-8FC8-6398C7A23BBA}.Debug|x64.Build.0 = Debug|x64
		{377CB5A4-F871-4B77-8FC8-6398C7A23BBA}.Release|Any CPU.ActiveCfg = Release|Any CPU
		{377CB5A4-F871-4B77-8FC8-6398C7A23BBA}.Release|Any CPU.Build.0 = Release|Any CPU
		{377CB5A4-F871-4B77-8FC8-6398C7A23BBA}.Release|x64.ActiveCfg = Release|x64
		{377CB5A4-F871-4B77-8FC8-6398C7A23BBA}.Release|x64.Build.0 = Release|x64
		{C379AE59-8B94-46C7-8BDF-D60013829AC6}.Debug|Any CPU.ActiveCfg = Debug|Any CPU
		{C379AE59-8B94-46C7-8BDF-D60013829AC6}.Debug|Any CPU.Build.0 = Debug|Any CPU
		{C379AE59-8B94-46C7-8BDF-D60013829AC6}.Debug|x64.ActiveCfg = Debug|x64
		{C379AE59-8B94-46C7-8BDF-D60013829AC6}.Debug|x64.Build.0 = Debug|x64
		{C379AE59-8B94-46C7-8BDF-D60013829AC6}.Release|Any CPU.ActiveCfg = Release|Any CPU
		{C379AE59-8B94-46C7-8BDF-D60013829AC6}.Release|Any CPU.Build.0 = Release|Any CPU
		{C379AE59-8B94-46C7-8BDF-D60013829AC6}.Release|x64.ActiveCfg = Release|x64
		{C379AE59-8B94-46C7-8BDF-D60013829AC6}.Release|x64.Build.0 = Release|x64
		{5CA2BFD7-7E9C-49D3-BC97-D8D5380508D3}.Debug|Any CPU.ActiveCfg = Debug|Any CPU
		{5CA2BFD7-7E9C-49D3-BC97-D8D5380508D3}.Debug|Any CPU.Build.0 = Debug|Any CPU
		{5CA2BFD7-7E9C-49D3-BC97-D8D5380508D3}.Debug|x64.ActiveCfg = Debug|x64
		{5CA2BFD7-7E9C-49D3-BC97-D8D5380508D3}.Debug|x64.Build.0 = Debug|x64
		{5CA2BFD7-7E9C-49D3-BC97-D8D5380508D3}.Release|Any CPU.ActiveCfg = Release|Any CPU
		{5CA2BFD7-7E9C-49D3-BC97-D8D5380508D3}.Release|Any CPU.Build.0 = Release|Any CPU
		{5CA2BFD7-7E9C-49D3-BC97-D8D5380508D3}.Release|x64.ActiveCfg = Release|x64
		{5CA2BFD7-7E9C-49D3-BC97-D8D5380508D3}.Release|x64.Build.0 = Release|x64
		{6362DD8A-7DA9-4780-90D7-24B44C7F7707}.Debug|Any CPU.ActiveCfg = Debug|Any CPU
		{6362DD8A-7DA9-4780-90D7-24B44C7F7707}.Debug|Any CPU.Build.0 = Debug|Any CPU
		{6362DD8A-7DA9-4780-90D7-24B44C7F7707}.Debug|x64.ActiveCfg = Debug|x64
		{6362DD8A-7DA9-4780-90D7-24B44C7F7707}.Debug|x64.Build.0 = Debug|x64
		{6362DD8A-7DA9-4780-90D7-24B44C7F7707}.Release|Any CPU.ActiveCfg = Release|Any CPU
		{6362DD8A-7DA9-4780-90D7-24B44C7F7707}.Release|Any CPU.Build.0 = Release|Any CPU
		{6362DD8A-7DA9-4780-90D7-24B44C7F7707}.Release|x64.ActiveCfg = Release|x64
		{6362DD8A-7DA9-4780-90D7-24B44C7F7707}.Release|x64.Build.0 = Release|x64
		{841659B5-B7C9-4433-862E-DAAFD032245B}.Debug|Any CPU.ActiveCfg = Debug|Any CPU
		{841659B5-B7C9-4433-862E-DAAFD032245B}.Debug|Any CPU.Build.0 = Debug|Any CPU
		{841659B5-B7C9-4433-862E-DAAFD032245B}.Debug|x64.ActiveCfg = Debug|x64
		{841659B5-B7C9-4433-862E-DAAFD032245B}.Debug|x64.Build.0 = Debug|x64
		{841659B5-B7C9-4433-862E-DAAFD032245B}.Release|Any CPU.ActiveCfg = Release|Any CPU
		{841659B5-B7C9-4433-862E-DAAFD032245B}.Release|Any CPU.Build.0 = Release|Any CPU
		{841659B5-B7C9-4433-862E-DAAFD032245B}.Release|x64.ActiveCfg = Release|x64
		{841659B5-B7C9-4433-862E-DAAFD032245B}.Release|x64.Build.0 = Release|x64
		{17033B68-926D-430B-B2AA-B7D5AC579EF4}.Debug|Any CPU.ActiveCfg = Debug|Any CPU
		{17033B68-926D-430B-B2AA-B7D5AC579EF4}.Debug|Any CPU.Build.0 = Debug|Any CPU
		{17033B68-926D-430B-B2AA-B7D5AC579EF4}.Debug|x64.ActiveCfg = Debug|x64
		{17033B68-926D-430B-B2AA-B7D5AC579EF4}.Debug|x64.Build.0 = Debug|x64
		{17033B68-926D-430B-B2AA-B7D5AC579EF4}.Release|Any CPU.ActiveCfg = Release|Any CPU
		{17033B68-926D-430B-B2AA-B7D5AC579EF4}.Release|Any CPU.Build.0 = Release|Any CPU
		{17033B68-926D-430B-B2AA-B7D5AC579EF4}.Release|x64.ActiveCfg = Release|x64
		{17033B68-926D-430B-B2AA-B7D5AC579EF4}.Release|x64.Build.0 = Release|x64
		{67F52D4A-2397-4567-9F92-1F324CA2040A}.Debug|Any CPU.ActiveCfg = Debug|Any CPU
		{67F52D4A-2397-4567-9F92-1F324CA2040A}.Debug|Any CPU.Build.0 = Debug|Any CPU
		{67F52D4A-2397-4567-9F92-1F324CA2040A}.Debug|x64.ActiveCfg = Debug|x64
		{67F52D4A-2397-4567-9F92-1F324CA2040A}.Debug|x64.Build.0 = Debug|x64
		{67F52D4A-2397-4567-9F92-1F324CA2040A}.Release|Any CPU.ActiveCfg = Release|Any CPU
		{67F52D4A-2397-4567-9F92-1F324CA2040A}.Release|Any CPU.Build.0 = Release|Any CPU
		{67F52D4A-2397-4567-9F92-1F324CA2040A}.Release|x64.ActiveCfg = Release|x64
		{67F52D4A-2397-4567-9F92-1F324CA2040A}.Release|x64.Build.0 = Release|x64
		{70E1DB21-C8F4-48EC-BFF4-3774F94ECBD4}.Debug|Any CPU.ActiveCfg = Debug|Any CPU
		{70E1DB21-C8F4-48EC-BFF4-3774F94ECBD4}.Debug|Any CPU.Build.0 = Debug|Any CPU
		{70E1DB21-C8F4-48EC-BFF4-3774F94ECBD4}.Debug|x64.ActiveCfg = Debug|x64
		{70E1DB21-C8F4-48EC-BFF4-3774F94ECBD4}.Debug|x64.Build.0 = Debug|x64
		{70E1DB21-C8F4-48EC-BFF4-3774F94ECBD4}.Release|Any CPU.ActiveCfg = Release|Any CPU
		{70E1DB21-C8F4-48EC-BFF4-3774F94ECBD4}.Release|Any CPU.Build.0 = Release|Any CPU
		{70E1DB21-C8F4-48EC-BFF4-3774F94ECBD4}.Release|x64.ActiveCfg = Release|x64
		{70E1DB21-C8F4-48EC-BFF4-3774F94ECBD4}.Release|x64.Build.0 = Release|x64
		{87BA552D-B78D-4FB5-8FEC-E6F73472C1C5}.Debug|Any CPU.ActiveCfg = Debug|Any CPU
		{87BA552D-B78D-4FB5-8FEC-E6F73472C1C5}.Debug|Any CPU.Build.0 = Debug|Any CPU
		{87BA552D-B78D-4FB5-8FEC-E6F73472C1C5}.Debug|x64.ActiveCfg = Debug|x64
		{87BA552D-B78D-4FB5-8FEC-E6F73472C1C5}.Debug|x64.Build.0 = Debug|x64
		{87BA552D-B78D-4FB5-8FEC-E6F73472C1C5}.Release|Any CPU.ActiveCfg = Release|Any CPU
		{87BA552D-B78D-4FB5-8FEC-E6F73472C1C5}.Release|Any CPU.Build.0 = Release|Any CPU
		{87BA552D-B78D-4FB5-8FEC-E6F73472C1C5}.Release|x64.ActiveCfg = Release|x64
		{87BA552D-B78D-4FB5-8FEC-E6F73472C1C5}.Release|x64.Build.0 = Release|x64
	EndGlobalSection
	GlobalSection(SolutionProperties) = preSolution
		HideSolutionNode = FALSE
	EndGlobalSection
	GlobalSection(ExtensibilityGlobals) = postSolution
		SolutionGuid = {6A806288-B697-4AF4-8F95-ADB1A507D278}
	EndGlobalSection
EndGlobal
